
Microsoft Visual Studio Solution File, Format Version 12.00
# Visual Studio Version 17
VisualStudioVersion = 17.7.34024.191
MinimumVisualStudioVersion = 10.0.40219.1
Project("{FAE04EC0-301F-11D3-BF4B-00C04F79EFBC}") = "MyWebAppApi6", "MyWebAppApi6\MyWebAppApi6.csproj", "{FD98F897-08C0-403F-B647-5E63D902F179}"
EndProject
Global
	GlobalSection(SolutionConfigurationPlatforms) = preSolution
		Debug|Any CPU = Debug|Any CPU
		Release|Any CPU = Release|Any CPU
	EndGlobalSection
	GlobalSection(ProjectConfigurationPlatforms) = postSolution
		{FD98F897-08C0-403F-B647-5E63D902F179}.Debug|Any CPU.ActiveCfg = Debug|Any CPU
		{FD98F897-08C0-403F-B647-5E63D902F179}.Debug|Any CPU.Build.0 = Debug|Any CPU
		{FD98F897-08C0-403F-B647-5E63D902F179}.Release|Any CPU.ActiveCfg = Release|Any CPU
		{FD98F897-08C0-403F-B647-5E63D902F179}.Release|Any CPU.Build.0 = Release|Any CPU
	EndGlobalSection
	GlobalSection(SolutionProperties) = preSolution
		HideSolutionNode = FALSE
	EndGlobalSection
	GlobalSection(ExtensibilityGlobals) = postSolution
		SolutionGuid = {0B5DCA84-783C-4106-9E13-06FF69A32996}
	EndGlobalSection
EndGlobal
